
Microsoft Visual Studio Solution File, Format Version 12.00
# Visual Studio Version 17
VisualStudioVersion = 17.5.002.0
MinimumVisualStudioVersion = 10.0.40219.1
Project("{9A19103F-16F7-4668-BE54-9A1E7A4F7556}") = "identity.server.bff.v2", "identity.server.bff.v2.csproj", "{6E6520A5-46A0-4F56-B74C-5712CA64A5FF}"
EndProject
Global
	GlobalSection(SolutionConfigurationPlatforms) = preSolution
		Debug|Any CPU = Debug|Any CPU
		Release|Any CPU = Release|Any CPU
	EndGlobalSection
	GlobalSection(ProjectConfigurationPlatforms) = postSolution
		{6E6520A5-46A0-4F56-B74C-5712CA64A5FF}.Debug|Any CPU.ActiveCfg = Debug|Any CPU
		{6E6520A5-46A0-4F56-B74C-5712CA64A5FF}.Debug|Any CPU.Build.0 = Debug|Any CPU
		{6E6520A5-46A0-4F56-B74C-5712CA64A5FF}.Release|Any CPU.ActiveCfg = Release|Any CPU
		{6E6520A5-46A0-4F56-B74C-5712CA64A5FF}.Release|Any CPU.Build.0 = Release|Any CPU
	EndGlobalSection
	GlobalSection(SolutionProperties) = preSolution
		HideSolutionNode = FALSE
	EndGlobalSection
	GlobalSection(ExtensibilityGlobals) = postSolution
		SolutionGuid = {A1F41384-9DB6-4CBD-98D7-2832247EEE55}
	EndGlobalSection
EndGlobal
